
Microsoft Visual Studio Solution File, Format Version 12.00
# Visual Studio Version 16
VisualStudioVersion = 16.0.30907.101
MinimumVisualStudioVersion = 10.0.40219.1
Project("{FAE04EC0-301F-11D3-BF4B-00C04F79EFBC}") = "IdentityAPI", "IdentityAPI.csproj", "{8E3EEAB7-C8E7-4FB5-B15B-5EF8DB1A6633}"
EndProject
Global
	GlobalSection(SolutionConfigurationPlatforms) = preSolution
		Debug|Any CPU = Debug|Any CPU
		Release|Any CPU = Release|Any CPU
	EndGlobalSection
	GlobalSection(ProjectConfigurationPlatforms) = postSolution
		{8E3EEAB7-C8E7-4FB5-B15B-5EF8DB1A6633}.Debug|Any CPU.ActiveCfg = Debug|Any CPU
		{8E3EEAB7-C8E7-4FB5-B15B-5EF8DB1A6633}.Debug|Any CPU.Build.0 = Debug|Any CPU
		{8E3EEAB7-C8E7-4FB5-B15B-5EF8DB1A6633}.Release|Any CPU.ActiveCfg = Release|Any CPU
		{8E3EEAB7-C8E7-4FB5-B15B-5EF8DB1A6633}.Release|Any CPU.Build.0 = Release|Any CPU
	EndGlobalSection
	GlobalSection(SolutionProperties) = preSolution
		HideSolutionNode = FALSE
	EndGlobalSection
	GlobalSection(ExtensibilityGlobals) = postSolution
		SolutionGuid = {942069B0-4434-4ABF-9B60-BC82E09A6A6B}
	EndGlobalSection
EndGlobal
